
Microsoft Visual Studio Solution File, Format Version 12.00
# Visual Studio Version 17
VisualStudioVersion = 17.9.34728.123
MinimumVisualStudioVersion = 10.0.40219.1
Project("{FAE04EC0-301F-11D3-BF4B-00C04F79EFBC}") = "GitTracker.Web", "GitTracker.Web\GitTracker.Web.csproj", "{B260F3E4-E10C-4650-9033-CC6D39130742}"
EndProject
Project("{FAE04EC0-301F-11D3-BF4B-00C04F79EFBC}") = "GitTracker.Core", "GitTracker.Core\GitTracker.Core.csproj", "{D65D690D-CEEA-4917-AF52-3D4A9CE1F622}"
EndProject
Global
	GlobalSection(SolutionConfigurationPlatforms) = preSolution
		Debug|Any CPU = Debug|Any CPU
		Release|Any CPU = Release|Any CPU
	EndGlobalSection
	GlobalSection(ProjectConfigurationPlatforms) = postSolution
		{B260F3E4-E10C-4650-9033-CC6D39130742}.Debug|Any CPU.ActiveCfg = Debug|Any CPU
		{B260F3E4-E10C-4650-9033-CC6D39130742}.Debug|Any CPU.Build.0 = Debug|Any CPU
		{B260F3E4-E10C-4650-9033-CC6D39130742}.Release|Any CPU.ActiveCfg = Release|Any CPU
		{B260F3E4-E10C-4650-9033-CC6D39130742}.Release|Any CPU.Build.0 = Release|Any CPU
		{D65D690D-CEEA-4917-AF52-3D4A9CE1F622}.Debug|Any CPU.ActiveCfg = Debug|Any CPU
		{D65D690D-CEEA-4917-AF52-3D4A9CE1F622}.Debug|Any CPU.Build.0 = Debug|Any CPU
		{D65D690D-CEEA-4917-AF52-3D4A9CE1F622}.Release|Any CPU.ActiveCfg = Release|Any CPU
		{D65D690D-CEEA-4917-AF52-3D4A9CE1F622}.Release|Any CPU.Build.0 = Release|Any CPU
	EndGlobalSection
	GlobalSection(SolutionProperties) = preSolution
		HideSolutionNode = FALSE
	EndGlobalSection
	GlobalSection(ExtensibilityGlobals) = postSolution
		SolutionGuid = {0FF1BA38-9F5E-4AA9-9310-6ABD8DF22FED}
	EndGlobalSection
EndGlobal
